// !$*UTF8*$!
{
	archiveVersion = 1;
	classes = {
	};
	objectVersion = 46;
	objects = {

/* Begin PBXBuildFile section */
		3035208C1C88ECA400436351 /* MHCoreDataKit.h in Headers */ = {isa = PBXBuildFile; fileRef = 3035208B1C88ECA400436351 /* MHCoreDataKit.h */; settings = {ATTRIBUTES = (Public, ); }; };
		303520D91C88EE9E00436351 /* MHCoreDataKitTests.swift in Sources */ = {isa = PBXBuildFile; fileRef = 303520D81C88EE9E00436351 /* MHCoreDataKitTests.swift */; };
		303520DB1C88EE9E00436351 /* MHCoreDataKit.framework in Frameworks */ = {isa = PBXBuildFile; fileRef = 303520881C88ECA400436351 /* MHCoreDataKit.framework */; };
		306605121CAA9F5B00554259 /* AnotherModel.xcdatamodeld in Sources */ = {isa = PBXBuildFile; fileRef = 306605101CAA9F5B00554259 /* AnotherModel.xcdatamodeld */; };
		30DF3A741CA7EEB400E6068A /* Company.swift in Sources */ = {isa = PBXBuildFile; fileRef = 30DF3A701CA7EEB400E6068A /* Company.swift */; };
		30DF3A751CA7EEB400E6068A /* MHCoreDataKitTests.xcdatamodeld in Sources */ = {isa = PBXBuildFile; fileRef = 30DF3A711CA7EEB400E6068A /* MHCoreDataKitTests.xcdatamodeld */; };
		30DF3A761CA7EEB400E6068A /* Person.swift in Sources */ = {isa = PBXBuildFile; fileRef = 30DF3A731CA7EEB400E6068A /* Person.swift */; };
		30DF3A781CA7F5C100E6068A /* NSEntityDescription.swift in Sources */ = {isa = PBXBuildFile; fileRef = 30F1D4AC1C89DF21004FEBE5 /* NSEntityDescription.swift */; };
		30DF3A7A1CA7F7CF00E6068A /* NSManagedObjectContext.swift in Sources */ = {isa = PBXBuildFile; fileRef = 30DF3A791CA7F7CF00E6068A /* NSManagedObjectContext.swift */; };
		30DF3A7D1CA7FE1B00E6068A /* EntityObserver.swift in Sources */ = {isa = PBXBuildFile; fileRef = 30DF3A7C1CA7FE1B00E6068A /* EntityObserver.swift */; };
		30DF3A7F1CA7FE4300E6068A /* ContextState.swift in Sources */ = {isa = PBXBuildFile; fileRef = 30DF3A7E1CA7FE4300E6068A /* ContextState.swift */; };
		30DF3A811CA7FE4C00E6068A /* EntityState.swift in Sources */ = {isa = PBXBuildFile; fileRef = 30DF3A801CA7FE4C00E6068A /* EntityState.swift */; };
		30DF3A831CA804AF00E6068A /* EntityObserverTests.swift in Sources */ = {isa = PBXBuildFile; fileRef = 30DF3A821CA804AF00E6068A /* EntityObserverTests.swift */; };
		30DF3A851CA8703C00E6068A /* XCTestExtensions.swift in Sources */ = {isa = PBXBuildFile; fileRef = 30DF3A841CA8703C00E6068A /* XCTestExtensions.swift */; };
		30F1D4A71C89DA6C004FEBE5 /* MHCoreDataKit.swift in Sources */ = {isa = PBXBuildFile; fileRef = 30F1D4A61C89DA6C004FEBE5 /* MHCoreDataKit.swift */; };
		30F1D4A91C89DA98004FEBE5 /* NSManagedObjectModel.swift in Sources */ = {isa = PBXBuildFile; fileRef = 30F1D4A81C89DA98004FEBE5 /* NSManagedObjectModel.swift */; };
		30F1D4AF1C89E7D9004FEBE5 /* NSManagedObject.swift in Sources */ = {isa = PBXBuildFile; fileRef = 30F1D4AE1C89E7D9004FEBE5 /* NSManagedObject.swift */; };
		991A8D4C1DFEF66C00B0D19F /* NSFetchRequest.swift in Sources */ = {isa = PBXBuildFile; fileRef = 991A8D4B1DFEF66C00B0D19F /* NSFetchRequest.swift */; };
		991A8D4E1DFF063D00B0D19F /* NSFetchRequestConfigurationTests.swift in Sources */ = {isa = PBXBuildFile; fileRef = 991A8D4D1DFF063D00B0D19F /* NSFetchRequestConfigurationTests.swift */; };
		991A8D501DFF0AEC00B0D19F /* TestStack.swift in Sources */ = {isa = PBXBuildFile; fileRef = 991A8D4F1DFF0AEC00B0D19F /* TestStack.swift */; };
		E6311F7C1EEACA73001DC456 /* AnyCoreDataStack.swift in Sources */ = {isa = PBXBuildFile; fileRef = E6311F7B1EEACA73001DC456 /* AnyCoreDataStack.swift */; };
		E6311F7E1EEACA89001DC456 /* NSPersistentContainer+CoreDataStack.swift in Sources */ = {isa = PBXBuildFile; fileRef = E6311F7D1EEACA89001DC456 /* NSPersistentContainer+CoreDataStack.swift */; };
		E6311F801EEACAB2001DC456 /* DefaultCoreDataStack.swift in Sources */ = {isa = PBXBuildFile; fileRef = E6311F7F1EEACAB2001DC456 /* DefaultCoreDataStack.swift */; };
		E6311F821EEAE764001DC456 /* CoreDataStackTests.swift in Sources */ = {isa = PBXBuildFile; fileRef = E6311F811EEAE764001DC456 /* CoreDataStackTests.swift */; };
		E64124C31F1F777400AAB2B9 /* NSFetchRequest+Extensions.h in Headers */ = {isa = PBXBuildFile; fileRef = E64124C11F1F777400AAB2B9 /* NSFetchRequest+Extensions.h */; settings = {ATTRIBUTES = (Public, ); }; };
		E64124C41F1F777400AAB2B9 /* NSFetchRequest+Extensions.m in Sources */ = {isa = PBXBuildFile; fileRef = E64124C21F1F777400AAB2B9 /* NSFetchRequest+Extensions.m */; };
		E6562D611F4183DF009FD702 /* NSPersistentStoreCoordinator.swift in Sources */ = {isa = PBXBuildFile; fileRef = E6562D601F4183DF009FD702 /* NSPersistentStoreCoordinator.swift */; };
		E6562D631F418A84009FD702 /* NSPersistentStore.swift in Sources */ = {isa = PBXBuildFile; fileRef = E6562D621F418A84009FD702 /* NSPersistentStore.swift */; };
		E68EE1FD1EE973FF00D9CB04 /* CoreDataStack.swift in Sources */ = {isa = PBXBuildFile; fileRef = E68EE1FC1EE973FF00D9CB04 /* CoreDataStack.swift */; };
		E6C351B91F5D809900DB0AD9 /* CoreDataStackInitializationProtocol.swift in Sources */ = {isa = PBXBuildFile; fileRef = E6C351B81F5D809900DB0AD9 /* CoreDataStackInitializationProtocol.swift */; };
/* End PBXBuildFile section */

/* Begin PBXContainerItemProxy section */
		303520DC1C88EE9E00436351 /* PBXContainerItemProxy */ = {
			isa = PBXContainerItemProxy;
			containerPortal = 3035207F1C88ECA400436351 /* Project object */;
			proxyType = 1;
			remoteGlobalIDString = 303520871C88ECA400436351;
			remoteInfo = MHCoreDataKit;
		};
/* End PBXContainerItemProxy section */

/* Begin PBXFileReference section */
		303520881C88ECA400436351 /* MHCoreDataKit.framework */ = {isa = PBXFileReference; explicitFileType = wrapper.framework; includeInIndex = 0; path = MHCoreDataKit.framework; sourceTree = BUILT_PRODUCTS_DIR; };
		3035208B1C88ECA400436351 /* MHCoreDataKit.h */ = {isa = PBXFileReference; lastKnownFileType = sourcecode.c.h; path = MHCoreDataKit.h; sourceTree = "<group>"; };
		3035208D1C88ECA400436351 /* Info.plist */ = {isa = PBXFileReference; lastKnownFileType = text.plist.xml; path = Info.plist; sourceTree = "<group>"; };
		303520AE1C88ED8C00436351 /* LICENSE.md */ = {isa = PBXFileReference; lastKnownFileType = net.daringfireball.markdown; path = LICENSE.md; sourceTree = "<group>"; };
		303520AF1C88ED8C00436351 /* README.md */ = {isa = PBXFileReference; lastKnownFileType = net.daringfireball.markdown; path = README.md; sourceTree = "<group>"; };
		303520D61C88EE9E00436351 /* MHCoreDataKitTests.xctest */ = {isa = PBXFileReference; explicitFileType = wrapper.cfbundle; includeInIndex = 0; path = MHCoreDataKitTests.xctest; sourceTree = BUILT_PRODUCTS_DIR; };
		303520D81C88EE9E00436351 /* MHCoreDataKitTests.swift */ = {isa = PBXFileReference; lastKnownFileType = sourcecode.swift; path = MHCoreDataKitTests.swift; sourceTree = "<group>"; };
		303520DA1C88EE9E00436351 /* Info.plist */ = {isa = PBXFileReference; lastKnownFileType = text.plist.xml; path = Info.plist; sourceTree = "<group>"; };
		306605111CAA9F5B00554259 /* AnotherModel.xcdatamodel */ = {isa = PBXFileReference; lastKnownFileType = wrapper.xcdatamodel; path = AnotherModel.xcdatamodel; sourceTree = "<group>"; };
		30DF3A701CA7EEB400E6068A /* Company.swift */ = {isa = PBXFileReference; fileEncoding = 4; lastKnownFileType = sourcecode.swift; path = Company.swift; sourceTree = "<group>"; };
		30DF3A721CA7EEB400E6068A /* MHCoreDataKitTests.xcdatamodel */ = {isa = PBXFileReference; lastKnownFileType = wrapper.xcdatamodel; path = MHCoreDataKitTests.xcdatamodel; sourceTree = "<group>"; };
		30DF3A731CA7EEB400E6068A /* Person.swift */ = {isa = PBXFileReference; fileEncoding = 4; lastKnownFileType = sourcecode.swift; path = Person.swift; sourceTree = "<group>"; };
		30DF3A791CA7F7CF00E6068A /* NSManagedObjectContext.swift */ = {isa = PBXFileReference; fileEncoding = 4; lastKnownFileType = sourcecode.swift; path = NSManagedObjectContext.swift; sourceTree = "<group>"; };
		30DF3A7C1CA7FE1B00E6068A /* EntityObserver.swift */ = {isa = PBXFileReference; fileEncoding = 4; lastKnownFileType = sourcecode.swift; path = EntityObserver.swift; sourceTree = "<group>"; };
		30DF3A7E1CA7FE4300E6068A /* ContextState.swift */ = {isa = PBXFileReference; fileEncoding = 4; lastKnownFileType = sourcecode.swift; path = ContextState.swift; sourceTree = "<group>"; };
		30DF3A801CA7FE4C00E6068A /* EntityState.swift */ = {isa = PBXFileReference; fileEncoding = 4; lastKnownFileType = sourcecode.swift; path = EntityState.swift; sourceTree = "<group>"; };
		30DF3A821CA804AF00E6068A /* EntityObserverTests.swift */ = {isa = PBXFileReference; fileEncoding = 4; lastKnownFileType = sourcecode.swift; path = EntityObserverTests.swift; sourceTree = "<group>"; };
		30DF3A841CA8703C00E6068A /* XCTestExtensions.swift */ = {isa = PBXFileReference; fileEncoding = 4; lastKnownFileType = sourcecode.swift; path = XCTestExtensions.swift; sourceTree = "<group>"; };
		30F1D4A61C89DA6C004FEBE5 /* MHCoreDataKit.swift */ = {isa = PBXFileReference; fileEncoding = 4; lastKnownFileType = sourcecode.swift; path = MHCoreDataKit.swift; sourceTree = "<group>"; };
		30F1D4A81C89DA98004FEBE5 /* NSManagedObjectModel.swift */ = {isa = PBXFileReference; fileEncoding = 4; lastKnownFileType = sourcecode.swift; path = NSManagedObjectModel.swift; sourceTree = "<group>"; };
		30F1D4AC1C89DF21004FEBE5 /* NSEntityDescription.swift */ = {isa = PBXFileReference; fileEncoding = 4; lastKnownFileType = sourcecode.swift; path = NSEntityDescription.swift; sourceTree = "<group>"; };
		30F1D4AE1C89E7D9004FEBE5 /* NSManagedObject.swift */ = {isa = PBXFileReference; fileEncoding = 4; lastKnownFileType = sourcecode.swift; path = NSManagedObject.swift; sourceTree = "<group>"; };
		991A8D4B1DFEF66C00B0D19F /* NSFetchRequest.swift */ = {isa = PBXFileReference; fileEncoding = 4; lastKnownFileType = sourcecode.swift; path = NSFetchRequest.swift; sourceTree = "<group>"; };
		991A8D4D1DFF063D00B0D19F /* NSFetchRequestConfigurationTests.swift */ = {isa = PBXFileReference; fileEncoding = 4; lastKnownFileType = sourcecode.swift; path = NSFetchRequestConfigurationTests.swift; sourceTree = "<group>"; };
		991A8D4F1DFF0AEC00B0D19F /* TestStack.swift */ = {isa = PBXFileReference; fileEncoding = 4; lastKnownFileType = sourcecode.swift; path = TestStack.swift; sourceTree = "<group>"; };
		E6311F7B1EEACA73001DC456 /* AnyCoreDataStack.swift */ = {isa = PBXFileReference; fileEncoding = 4; lastKnownFileType = sourcecode.swift; path = AnyCoreDataStack.swift; sourceTree = "<group>"; };
		E6311F7D1EEACA89001DC456 /* NSPersistentContainer+CoreDataStack.swift */ = {isa = PBXFileReference; fileEncoding = 4; lastKnownFileType = sourcecode.swift; path = "NSPersistentContainer+CoreDataStack.swift"; sourceTree = "<group>"; };
		E6311F7F1EEACAB2001DC456 /* DefaultCoreDataStack.swift */ = {isa = PBXFileReference; fileEncoding = 4; lastKnownFileType = sourcecode.swift; path = DefaultCoreDataStack.swift; sourceTree = "<group>"; };
		E6311F811EEAE764001DC456 /* CoreDataStackTests.swift */ = {isa = PBXFileReference; fileEncoding = 4; lastKnownFileType = sourcecode.swift; path = CoreDataStackTests.swift; sourceTree = "<group>"; };
		E64124C11F1F777400AAB2B9 /* NSFetchRequest+Extensions.h */ = {isa = PBXFileReference; fileEncoding = 4; lastKnownFileType = sourcecode.c.h; path = "NSFetchRequest+Extensions.h"; sourceTree = "<group>"; };
		E64124C21F1F777400AAB2B9 /* NSFetchRequest+Extensions.m */ = {isa = PBXFileReference; fileEncoding = 4; lastKnownFileType = sourcecode.c.objc; path = "NSFetchRequest+Extensions.m"; sourceTree = "<group>"; };
		E6562D601F4183DF009FD702 /* NSPersistentStoreCoordinator.swift */ = {isa = PBXFileReference; fileEncoding = 4; lastKnownFileType = sourcecode.swift; path = NSPersistentStoreCoordinator.swift; sourceTree = "<group>"; };
		E6562D621F418A84009FD702 /* NSPersistentStore.swift */ = {isa = PBXFileReference; fileEncoding = 4; lastKnownFileType = sourcecode.swift; path = NSPersistentStore.swift; sourceTree = "<group>"; };
		E68EE1FC1EE973FF00D9CB04 /* CoreDataStack.swift */ = {isa = PBXFileReference; fileEncoding = 4; lastKnownFileType = sourcecode.swift; path = CoreDataStack.swift; sourceTree = "<group>"; };
		E6C351B81F5D809900DB0AD9 /* CoreDataStackInitializationProtocol.swift */ = {isa = PBXFileReference; fileEncoding = 4; lastKnownFileType = sourcecode.swift; path = CoreDataStackInitializationProtocol.swift; sourceTree = "<group>"; };
/* End PBXFileReference section */

/* Begin PBXFrameworksBuildPhase section */
		303520841C88ECA400436351 /* Frameworks */ = {
			isa = PBXFrameworksBuildPhase;
			buildActionMask = 2147483647;
			files = (
			);
			runOnlyForDeploymentPostprocessing = 0;
		};
		303520D31C88EE9E00436351 /* Frameworks */ = {
			isa = PBXFrameworksBuildPhase;
			buildActionMask = 2147483647;
			files = (
				303520DB1C88EE9E00436351 /* MHCoreDataKit.framework in Frameworks */,
			);
			runOnlyForDeploymentPostprocessing = 0;
		};
/* End PBXFrameworksBuildPhase section */

/* Begin PBXGroup section */
		3035207E1C88ECA400436351 = {
			isa = PBXGroup;
			children = (
				303520AF1C88ED8C00436351 /* README.md */,
				303520AE1C88ED8C00436351 /* LICENSE.md */,
				3035208A1C88ECA400436351 /* MHCoreDataKit */,
				303520D71C88EE9E00436351 /* MHCoreDataKitTests */,
				303520891C88ECA400436351 /* Products */,
			);
			sourceTree = "<group>";
		};
		303520891C88ECA400436351 /* Products */ = {
			isa = PBXGroup;
			children = (
				303520881C88ECA400436351 /* MHCoreDataKit.framework */,
				303520D61C88EE9E00436351 /* MHCoreDataKitTests.xctest */,
			);
			name = Products;
			sourceTree = "<group>";
		};
		3035208A1C88ECA400436351 /* MHCoreDataKit */ = {
			isa = PBXGroup;
			children = (
				3035208B1C88ECA400436351 /* MHCoreDataKit.h */,
				30F1D4A61C89DA6C004FEBE5 /* MHCoreDataKit.swift */,
				E68EE1FB1EE973E900D9CB04 /* CoreDataStack */,
				30DF3A7B1CA7FDEE00E6068A /* EntityObserver */,
				30F1D4A51C89DA4B004FEBE5 /* Extensions */,
				3035208D1C88ECA400436351 /* Info.plist */,
			);
			path = MHCoreDataKit;
			sourceTree = "<group>";
		};
		303520D71C88EE9E00436351 /* MHCoreDataKitTests */ = {
			isa = PBXGroup;
			children = (
				30DF3A841CA8703C00E6068A /* XCTestExtensions.swift */,
				303520D81C88EE9E00436351 /* MHCoreDataKitTests.swift */,
				30DF3A821CA804AF00E6068A /* EntityObserverTests.swift */,
				991A8D4D1DFF063D00B0D19F /* NSFetchRequestConfigurationTests.swift */,
				E6311F811EEAE764001DC456 /* CoreDataStackTests.swift */,
				30DF3A711CA7EEB400E6068A /* MHCoreDataKitTests.xcdatamodeld */,
				991A8D4F1DFF0AEC00B0D19F /* TestStack.swift */,
				30DF3A731CA7EEB400E6068A /* Person.swift */,
				30DF3A701CA7EEB400E6068A /* Company.swift */,
				303520DA1C88EE9E00436351 /* Info.plist */,
				306605101CAA9F5B00554259 /* AnotherModel.xcdatamodeld */,
			);
			path = MHCoreDataKitTests;
			sourceTree = "<group>";
		};
		30DF3A7B1CA7FDEE00E6068A /* EntityObserver */ = {
			isa = PBXGroup;
			children = (
				30DF3A7C1CA7FE1B00E6068A /* EntityObserver.swift */,
				30DF3A7E1CA7FE4300E6068A /* ContextState.swift */,
				30DF3A801CA7FE4C00E6068A /* EntityState.swift */,
			);
			path = EntityObserver;
			sourceTree = "<group>";
		};
		30F1D4A51C89DA4B004FEBE5 /* Extensions */ = {
			isa = PBXGroup;
			children = (
				30F1D4AC1C89DF21004FEBE5 /* NSEntityDescription.swift */,
				30F1D4A81C89DA98004FEBE5 /* NSManagedObjectModel.swift */,
				E6562D621F418A84009FD702 /* NSPersistentStore.swift */,
				E6562D601F4183DF009FD702 /* NSPersistentStoreCoordinator.swift */,
				30DF3A791CA7F7CF00E6068A /* NSManagedObjectContext.swift */,
				30F1D4AE1C89E7D9004FEBE5 /* NSManagedObject.swift */,
				991A8D4B1DFEF66C00B0D19F /* NSFetchRequest.swift */,
				E64124C11F1F777400AAB2B9 /* NSFetchRequest+Extensions.h */,
				E64124C21F1F777400AAB2B9 /* NSFetchRequest+Extensions.m */,
			);
			path = Extensions;
			sourceTree = "<group>";
		};
		E68EE1FB1EE973E900D9CB04 /* CoreDataStack */ = {
			isa = PBXGroup;
			children = (
				E68EE1FC1EE973FF00D9CB04 /* CoreDataStack.swift */,
				E6C351B81F5D809900DB0AD9 /* CoreDataStackInitializationProtocol.swift */,
				E6311F7B1EEACA73001DC456 /* AnyCoreDataStack.swift */,
				E6311F7D1EEACA89001DC456 /* NSPersistentContainer+CoreDataStack.swift */,
				E6311F7F1EEACAB2001DC456 /* DefaultCoreDataStack.swift */,
			);
			path = CoreDataStack;
			sourceTree = "<group>";
		};
/* End PBXGroup section */

/* Begin PBXHeadersBuildPhase section */
		303520851C88ECA400436351 /* Headers */ = {
			isa = PBXHeadersBuildPhase;
			buildActionMask = 2147483647;
			files = (
				E64124C31F1F777400AAB2B9 /* NSFetchRequest+Extensions.h in Headers */,
				3035208C1C88ECA400436351 /* MHCoreDataKit.h in Headers */,
			);
			runOnlyForDeploymentPostprocessing = 0;
		};
/* End PBXHeadersBuildPhase section */

/* Begin PBXNativeTarget section */
		303520871C88ECA400436351 /* MHCoreDataKit */ = {
			isa = PBXNativeTarget;
			buildConfigurationList = 303520901C88ECA400436351 /* Build configuration list for PBXNativeTarget "MHCoreDataKit" */;
			buildPhases = (
				303520831C88ECA400436351 /* Sources */,
				303520841C88ECA400436351 /* Frameworks */,
				303520851C88ECA400436351 /* Headers */,
				303520861C88ECA400436351 /* Resources */,
			);
			buildRules = (
			);
			dependencies = (
			);
			name = MHCoreDataKit;
			productName = MHCoreDataKit;
			productReference = 303520881C88ECA400436351 /* MHCoreDataKit.framework */;
			productType = "com.apple.product-type.framework";
		};
		303520D51C88EE9E00436351 /* MHCoreDataKitTests */ = {
			isa = PBXNativeTarget;
			buildConfigurationList = 303520DE1C88EE9E00436351 /* Build configuration list for PBXNativeTarget "MHCoreDataKitTests" */;
			buildPhases = (
				303520D21C88EE9E00436351 /* Sources */,
				303520D31C88EE9E00436351 /* Frameworks */,
				303520D41C88EE9E00436351 /* Resources */,
			);
			buildRules = (
			);
			dependencies = (
				303520DD1C88EE9E00436351 /* PBXTargetDependency */,
			);
			name = MHCoreDataKitTests;
			productName = MHCoreDataKitTests;
			productReference = 303520D61C88EE9E00436351 /* MHCoreDataKitTests.xctest */;
			productType = "com.apple.product-type.bundle.unit-test";
		};
/* End PBXNativeTarget section */

/* Begin PBXProject section */
		3035207F1C88ECA400436351 /* Project object */ = {
			isa = PBXProject;
			attributes = {
				LastSwiftUpdateCheck = 0730;
				LastUpgradeCheck = 0900;
				ORGANIZATIONNAME = "Milen Halachev";
				TargetAttributes = {
					303520871C88ECA400436351 = {
						CreatedOnToolsVersion = 7.2.1;
						LastSwiftMigration = 0900;
					};
					303520D51C88EE9E00436351 = {
						CreatedOnToolsVersion = 7.2.1;
						LastSwiftMigration = 0900;
					};
				};
			};
			buildConfigurationList = 303520821C88ECA400436351 /* Build configuration list for PBXProject "MHCoreDataKit" */;
			compatibilityVersion = "Xcode 3.2";
			developmentRegion = English;
			hasScannedForEncodings = 0;
			knownRegions = (
				en,
			);
			mainGroup = 3035207E1C88ECA400436351;
			productRefGroup = 303520891C88ECA400436351 /* Products */;
			projectDirPath = "";
			projectRoot = "";
			targets = (
				303520871C88ECA400436351 /* MHCoreDataKit */,
				303520D51C88EE9E00436351 /* MHCoreDataKitTests */,
			);
		};
/* End PBXProject section */

/* Begin PBXResourcesBuildPhase section */
		303520861C88ECA400436351 /* Resources */ = {
			isa = PBXResourcesBuildPhase;
			buildActionMask = 2147483647;
			files = (
			);
			runOnlyForDeploymentPostprocessing = 0;
		};
		303520D41C88EE9E00436351 /* Resources */ = {
			isa = PBXResourcesBuildPhase;
			buildActionMask = 2147483647;
			files = (
			);
			runOnlyForDeploymentPostprocessing = 0;
		};
/* End PBXResourcesBuildPhase section */

/* Begin PBXSourcesBuildPhase section */
		303520831C88ECA400436351 /* Sources */ = {
			isa = PBXSourcesBuildPhase;
			buildActionMask = 2147483647;
			files = (
				30F1D4AF1C89E7D9004FEBE5 /* NSManagedObject.swift in Sources */,
				E6562D631F418A84009FD702 /* NSPersistentStore.swift in Sources */,
				30DF3A7F1CA7FE4300E6068A /* ContextState.swift in Sources */,
				30F1D4A71C89DA6C004FEBE5 /* MHCoreDataKit.swift in Sources */,
				30DF3A781CA7F5C100E6068A /* NSEntityDescription.swift in Sources */,
				991A8D4C1DFEF66C00B0D19F /* NSFetchRequest.swift in Sources */,
				E6311F7E1EEACA89001DC456 /* NSPersistentContainer+CoreDataStack.swift in Sources */,
				E68EE1FD1EE973FF00D9CB04 /* CoreDataStack.swift in Sources */,
				E64124C41F1F777400AAB2B9 /* NSFetchRequest+Extensions.m in Sources */,
				E6311F801EEACAB2001DC456 /* DefaultCoreDataStack.swift in Sources */,
				30F1D4A91C89DA98004FEBE5 /* NSManagedObjectModel.swift in Sources */,
				E6C351B91F5D809900DB0AD9 /* CoreDataStackInitializationProtocol.swift in Sources */,
				E6311F7C1EEACA73001DC456 /* AnyCoreDataStack.swift in Sources */,
				30DF3A7D1CA7FE1B00E6068A /* EntityObserver.swift in Sources */,
				30DF3A811CA7FE4C00E6068A /* EntityState.swift in Sources */,
				E6562D611F4183DF009FD702 /* NSPersistentStoreCoordinator.swift in Sources */,
				30DF3A7A1CA7F7CF00E6068A /* NSManagedObjectContext.swift in Sources */,
			);
			runOnlyForDeploymentPostprocessing = 0;
		};
		303520D21C88EE9E00436351 /* Sources */ = {
			isa = PBXSourcesBuildPhase;
			buildActionMask = 2147483647;
			files = (
				991A8D4E1DFF063D00B0D19F /* NSFetchRequestConfigurationTests.swift in Sources */,
				30DF3A831CA804AF00E6068A /* EntityObserverTests.swift in Sources */,
				30DF3A751CA7EEB400E6068A /* MHCoreDataKitTests.xcdatamodeld in Sources */,
				303520D91C88EE9E00436351 /* MHCoreDataKitTests.swift in Sources */,
				30DF3A761CA7EEB400E6068A /* Person.swift in Sources */,
				30DF3A851CA8703C00E6068A /* XCTestExtensions.swift in Sources */,
				991A8D501DFF0AEC00B0D19F /* TestStack.swift in Sources */,
				E6311F821EEAE764001DC456 /* CoreDataStackTests.swift in Sources */,
				306605121CAA9F5B00554259 /* AnotherModel.xcdatamodeld in Sources */,
				30DF3A741CA7EEB400E6068A /* Company.swift in Sources */,
			);
			runOnlyForDeploymentPostprocessing = 0;
		};
/* End PBXSourcesBuildPhase section */

/* Begin PBXTargetDependency section */
		303520DD1C88EE9E00436351 /* PBXTargetDependency */ = {
			isa = PBXTargetDependency;
			target = 303520871C88ECA400436351 /* MHCoreDataKit */;
			targetProxy = 303520DC1C88EE9E00436351 /* PBXContainerItemProxy */;
		};
/* End PBXTargetDependency section */

/* Begin XCBuildConfiguration section */
		3035208E1C88ECA400436351 /* Debug */ = {
			isa = XCBuildConfiguration;
			buildSettings = {
				ALWAYS_SEARCH_USER_PATHS = NO;
				CLANG_CXX_LANGUAGE_STANDARD = "gnu++0x";
				CLANG_CXX_LIBRARY = "libc++";
				CLANG_ENABLE_MODULES = YES;
				CLANG_ENABLE_OBJC_ARC = YES;
				CLANG_WARN_BLOCK_CAPTURE_AUTORELEASING = YES;
				CLANG_WARN_BOOL_CONVERSION = YES;
				CLANG_WARN_COMMA = YES;
				CLANG_WARN_CONSTANT_CONVERSION = YES;
				CLANG_WARN_DIRECT_OBJC_ISA_USAGE = YES_ERROR;
				CLANG_WARN_EMPTY_BODY = YES;
				CLANG_WARN_ENUM_CONVERSION = YES;
				CLANG_WARN_INFINITE_RECURSION = YES;
				CLANG_WARN_INT_CONVERSION = YES;
				CLANG_WARN_NON_LITERAL_NULL_CONVERSION = YES;
				CLANG_WARN_OBJC_LITERAL_CONVERSION = YES;
				CLANG_WARN_OBJC_ROOT_CLASS = YES_ERROR;
				CLANG_WARN_RANGE_LOOP_ANALYSIS = YES;
				CLANG_WARN_STRICT_PROTOTYPES = YES;
				CLANG_WARN_SUSPICIOUS_MOVE = YES;
				CLANG_WARN_UNREACHABLE_CODE = YES;
				CLANG_WARN__DUPLICATE_METHOD_MATCH = YES;
				"CODE_SIGN_IDENTITY[sdk=iphoneos*]" = "iPhone Developer";
				COPY_PHASE_STRIP = NO;
				CURRENT_PROJECT_VERSION = 1;
				DEBUG_INFORMATION_FORMAT = dwarf;
				ENABLE_STRICT_OBJC_MSGSEND = YES;
				ENABLE_TESTABILITY = YES;
				GCC_C_LANGUAGE_STANDARD = gnu99;
				GCC_DYNAMIC_NO_PIC = NO;
				GCC_NO_COMMON_BLOCKS = YES;
				GCC_OPTIMIZATION_LEVEL = 0;
				GCC_PREPROCESSOR_DEFINITIONS = (
					"DEBUG=1",
					"$(inherited)",
				);
				GCC_WARN_64_TO_32_BIT_CONVERSION = YES;
				GCC_WARN_ABOUT_RETURN_TYPE = YES_ERROR;
				GCC_WARN_UNDECLARED_SELECTOR = YES;
				GCC_WARN_UNINITIALIZED_AUTOS = YES_AGGRESSIVE;
				GCC_WARN_UNUSED_FUNCTION = YES;
				GCC_WARN_UNUSED_VARIABLE = YES;
				IPHONEOS_DEPLOYMENT_TARGET = 8.0;
				MTL_ENABLE_DEBUG_INFO = YES;
				ONLY_ACTIVE_ARCH = YES;
				SDKROOT = iphoneos;
				SWIFT_OPTIMIZATION_LEVEL = "-Onone";
				TARGETED_DEVICE_FAMILY = "1,2";
				VERSIONING_SYSTEM = "apple-generic";
				VERSION_INFO_PREFIX = "";
			};
			name = Debug;
		};
		3035208F1C88ECA400436351 /* Release */ = {
			isa = XCBuildConfiguration;
			buildSettings = {
				ALWAYS_SEARCH_USER_PATHS = NO;
				CLANG_CXX_LANGUAGE_STANDARD = "gnu++0x";
				CLANG_CXX_LIBRARY = "libc++";
				CLANG_ENABLE_MODULES = YES;
				CLANG_ENABLE_OBJC_ARC = YES;
				CLANG_WARN_BLOCK_CAPTURE_AUTORELEASING = YES;
				CLANG_WARN_BOOL_CONVERSION = YES;
				CLANG_WARN_COMMA = YES;
				CLANG_WARN_CONSTANT_CONVERSION = YES;
				CLANG_WARN_DIRECT_OBJC_ISA_USAGE = YES_ERROR;
				CLANG_WARN_EMPTY_BODY = YES;
				CLANG_WARN_ENUM_CONVERSION = YES;
				CLANG_WARN_INFINITE_RECURSION = YES;
				CLANG_WARN_INT_CONVERSION = YES;
				CLANG_WARN_NON_LITERAL_NULL_CONVERSION = YES;
				CLANG_WARN_OBJC_LITERAL_CONVERSION = YES;
				CLANG_WARN_OBJC_ROOT_CLASS = YES_ERROR;
				CLANG_WARN_RANGE_LOOP_ANALYSIS = YES;
				CLANG_WARN_STRICT_PROTOTYPES = YES;
				CLANG_WARN_SUSPICIOUS_MOVE = YES;
				CLANG_WARN_UNREACHABLE_CODE = YES;
				CLANG_WARN__DUPLICATE_METHOD_MATCH = YES;
				"CODE_SIGN_IDENTITY[sdk=iphoneos*]" = "iPhone Developer";
				COPY_PHASE_STRIP = NO;
				CURRENT_PROJECT_VERSION = 1;
				DEBUG_INFORMATION_FORMAT = "dwarf-with-dsym";
				ENABLE_NS_ASSERTIONS = NO;
				ENABLE_STRICT_OBJC_MSGSEND = YES;
				GCC_C_LANGUAGE_STANDARD = gnu99;
				GCC_NO_COMMON_BLOCKS = YES;
				GCC_WARN_64_TO_32_BIT_CONVERSION = YES;
				GCC_WARN_ABOUT_RETURN_TYPE = YES_ERROR;
				GCC_WARN_UNDECLARED_SELECTOR = YES;
				GCC_WARN_UNINITIALIZED_AUTOS = YES_AGGRESSIVE;
				GCC_WARN_UNUSED_FUNCTION = YES;
				GCC_WARN_UNUSED_VARIABLE = YES;
				IPHONEOS_DEPLOYMENT_TARGET = 8.0;
				MTL_ENABLE_DEBUG_INFO = NO;
				SDKROOT = iphoneos;
				SWIFT_OPTIMIZATION_LEVEL = "-Owholemodule";
				TARGETED_DEVICE_FAMILY = "1,2";
				VALIDATE_PRODUCT = YES;
				VERSIONING_SYSTEM = "apple-generic";
				VERSION_INFO_PREFIX = "";
			};
			name = Release;
		};
		303520911C88ECA400436351 /* Debug */ = {
			isa = XCBuildConfiguration;
			buildSettings = {
				CLANG_ENABLE_MODULES = YES;
				"CODE_SIGN_IDENTITY[sdk=iphoneos*]" = "";
				DEFINES_MODULE = YES;
				DYLIB_COMPATIBILITY_VERSION = 1;
				DYLIB_CURRENT_VERSION = 1;
				DYLIB_INSTALL_NAME_BASE = "@rpath";
				INFOPLIST_FILE = MHCoreDataKit/Info.plist;
				INSTALL_PATH = "$(LOCAL_LIBRARY_DIR)/Frameworks";
				LD_RUNPATH_SEARCH_PATHS = "$(inherited) @executable_path/Frameworks @loader_path/Frameworks";
				PRODUCT_BUNDLE_IDENTIFIER = com.KoCMoHaBTa.MHCoreDataKit;
				PRODUCT_NAME = "$(TARGET_NAME)";
				SKIP_INSTALL = YES;
				SWIFT_OPTIMIZATION_LEVEL = "-Onone";
				SWIFT_VERSION = 4.0;
			};
			name = Debug;
		};
		303520921C88ECA400436351 /* Release */ = {
			isa = XCBuildConfiguration;
			buildSettings = {
				CLANG_ENABLE_MODULES = YES;
				"CODE_SIGN_IDENTITY[sdk=iphoneos*]" = "";
				DEFINES_MODULE = YES;
				DYLIB_COMPATIBILITY_VERSION = 1;
				DYLIB_CURRENT_VERSION = 1;
				DYLIB_INSTALL_NAME_BASE = "@rpath";
				INFOPLIST_FILE = MHCoreDataKit/Info.plist;
				INSTALL_PATH = "$(LOCAL_LIBRARY_DIR)/Frameworks";
				LD_RUNPATH_SEARCH_PATHS = "$(inherited) @executable_path/Frameworks @loader_path/Frameworks";
				PRODUCT_BUNDLE_IDENTIFIER = com.KoCMoHaBTa.MHCoreDataKit;
				PRODUCT_NAME = "$(TARGET_NAME)";
				SKIP_INSTALL = YES;
				SWIFT_VERSION = 4.0;
			};
			name = Release;
		};
		303520DF1C88EE9E00436351 /* Debug */ = {
			isa = XCBuildConfiguration;
			buildSettings = {
				INFOPLIST_FILE = MHCoreDataKitTests/Info.plist;
				IPHONEOS_DEPLOYMENT_TARGET = 9.2;
				LD_RUNPATH_SEARCH_PATHS = "$(inherited) @executable_path/Frameworks @loader_path/Frameworks";
				PRODUCT_BUNDLE_IDENTIFIER = com.KoCMoHaBTa.MHCoreDataKitTests;
				PRODUCT_NAME = "$(TARGET_NAME)";
				SWIFT_VERSION = 4.0;
			};
			name = Debug;
		};
		303520E01C88EE9E00436351 /* Release */ = {
			isa = XCBuildConfiguration;
			buildSettings = {
				INFOPLIST_FILE = MHCoreDataKitTests/Info.plist;
				IPHONEOS_DEPLOYMENT_TARGET = 9.2;
				LD_RUNPATH_SEARCH_PATHS = "$(inherited) @executable_path/Frameworks @loader_path/Frameworks";
				PRODUCT_BUNDLE_IDENTIFIER = com.KoCMoHaBTa.MHCoreDataKitTests;
				PRODUCT_NAME = "$(TARGET_NAME)";
				SWIFT_VERSION = 4.0;
			};
			name = Release;
		};
/* End XCBuildConfiguration section */

/* Begin XCConfigurationList section */
		303520821C88ECA400436351 /* Build configuration list for PBXProject "MHCoreDataKit" */ = {
			isa = XCConfigurationList;
			buildConfigurations = (
				3035208E1C88ECA400436351 /* Debug */,
				3035208F1C88ECA400436351 /* Release */,
			);
			defaultConfigurationIsVisible = 0;
			defaultConfigurationName = Release;
		};
		303520901C88ECA400436351 /* Build configuration list for PBXNativeTarget "MHCoreDataKit" */ = {
			isa = XCConfigurationList;
			buildConfigurations = (
				303520911C88ECA400436351 /* Debug */,
				303520921C88ECA400436351 /* Release */,
			);
			defaultConfigurationIsVisible = 0;
			defaultConfigurationName = Release;
		};
		303520DE1C88EE9E00436351 /* Build configuration list for PBXNativeTarget "MHCoreDataKitTests" */ = {
			isa = XCConfigurationList;
			buildConfigurations = (
				303520DF1C88EE9E00436351 /* Debug */,
				303520E01C88EE9E00436351 /* Release */,
			);
			defaultConfigurationIsVisible = 0;
			defaultConfigurationName = Release;
		};
/* End XCConfigurationList section */

/* Begin XCVersionGroup section */
		306605101CAA9F5B00554259 /* AnotherModel.xcdatamodeld */ = {
			isa = XCVersionGroup;
			children = (
				306605111CAA9F5B00554259 /* AnotherModel.xcdatamodel */,
			);
			currentVersion = 306605111CAA9F5B00554259 /* AnotherModel.xcdatamodel */;
			path = AnotherModel.xcdatamodeld;
			sourceTree = "<group>";
			versionGroupType = wrapper.xcdatamodel;
		};
		30DF3A711CA7EEB400E6068A /* MHCoreDataKitTests.xcdatamodeld */ = {
			isa = XCVersionGroup;
			children = (
				30DF3A721CA7EEB400E6068A /* MHCoreDataKitTests.xcdatamodel */,
			);
			currentVersion = 30DF3A721CA7EEB400E6068A /* MHCoreDataKitTests.xcdatamodel */;
			path = MHCoreDataKitTests.xcdatamodeld;
			sourceTree = "<group>";
			versionGroupType = wrapper.xcdatamodel;
		};
/* End XCVersionGroup section */
	};
	rootObject = 3035207F1C88ECA400436351 /* Project object */;
}
